// !$*UTF8*$!
{
	archiveVersion = 1;
	classes = {
	};
	objectVersion = 51;
	objects = {

/* Begin PBXBuildFile section */
		731CC69525625E0900627C19 /* zuimei.swift in Sources */ = {isa = PBXBuildFile; fileRef = 731CC69425625E0900627C19 /* zuimei.swift */; };
		731CC69925626A8E00627C19 /* pdf.swift in Sources */ = {isa = PBXBuildFile; fileRef = 731CC69825626A8D00627C19 /* pdf.swift */; };
		731E3A9424A1A07C0031418E /* AppDelegate.swift in Sources */ = {isa = PBXBuildFile; fileRef = 731E3A9324A1A07C0031418E /* AppDelegate.swift */; };
		731E3A9B24A1A07C0031418E /* Main.storyboard in Resources */ = {isa = PBXBuildFile; fileRef = 731E3A9924A1A07C0031418E /* Main.storyboard */; };
		731E3A9D24A1A0850031418E /* Assets.xcassets in Resources */ = {isa = PBXBuildFile; fileRef = 731E3A9C24A1A0850031418E /* Assets.xcassets */; };
		731E3AA024A1A0850031418E /* LaunchScreen.storyboard in Resources */ = {isa = PBXBuildFile; fileRef = 731E3A9E24A1A0850031418E /* LaunchScreen.storyboard */; };
		731E3AAB24A1A0850031418E /* JTMDMTests.swift in Sources */ = {isa = PBXBuildFile; fileRef = 731E3AAA24A1A0850031418E /* JTMDMTests.swift */; };
		731E3AB624A1A0850031418E /* JTMDMUITests.swift in Sources */ = {isa = PBXBuildFile; fileRef = 731E3AB524A1A0850031418E /* JTMDMUITests.swift */; };
		731E3AC824A1A5640031418E /* NTNavigationVCtrl.swift in Sources */ = {isa = PBXBuildFile; fileRef = 731E3AC724A1A5640031418E /* NTNavigationVCtrl.swift */; };
		731E3AE024A1A91F0031418E /* TabBarViewController.swift in Sources */ = {isa = PBXBuildFile; fileRef = 731E3ADF24A1A91F0031418E /* TabBarViewController.swift */; };
		7323F45824D7EA20008EA1D1 /* LightAppCell.swift in Sources */ = {isa = PBXBuildFile; fileRef = 7323F45724D7EA20008EA1D1 /* LightAppCell.swift */; };
		7323F45C24D7F078008EA1D1 /* HomeLightAppListCell.swift in Sources */ = {isa = PBXBuildFile; fileRef = 7323F45B24D7F078008EA1D1 /* HomeLightAppListCell.swift */; };
		7323F46924D7F859008EA1D1 /* Bounds.swift in Sources */ = {isa = PBXBuildFile; fileRef = 7323F46824D7F859008EA1D1 /* Bounds.swift */; };
		7323F46C24D803D9008EA1D1 /* NTAlert.swift in Sources */ = {isa = PBXBuildFile; fileRef = 7323F46B24D803D9008EA1D1 /* NTAlert.swift */; };
		73865EF324D4122800189435 /* HomeBannerCell.swift in Sources */ = {isa = PBXBuildFile; fileRef = 73865EF224D4122800189435 /* HomeBannerCell.swift */; };
		73865EF724D413C800189435 /* GXBanner.swift in Sources */ = {isa = PBXBuildFile; fileRef = 73865EF524D413C700189435 /* GXBanner.swift */; };
		73865EF824D413C800189435 /* GXBannerFlowLayout.swift in Sources */ = {isa = PBXBuildFile; fileRef = 73865EF624D413C800189435 /* GXBannerFlowLayout.swift */; };
		73865EFA24D4186900189435 /* GXBannerTestCell.swift in Sources */ = {isa = PBXBuildFile; fileRef = 73865EF924D4186900189435 /* GXBannerTestCell.swift */; };
		73C1E80924C13EA60083B701 /* ThemeProtocol.swift in Sources */ = {isa = PBXBuildFile; fileRef = 73C1E80824C13EA60083B701 /* ThemeProtocol.swift */; };
		73C1E80D24C1455D0083B701 /* MainTheme.swift in Sources */ = {isa = PBXBuildFile; fileRef = 73C1E80C24C1455D0083B701 /* MainTheme.swift */; };
		73C1E80F24C145AE0083B701 /* YellowTheme.swift in Sources */ = {isa = PBXBuildFile; fileRef = 73C1E80E24C145AE0083B701 /* YellowTheme.swift */; };
		73C1E81124C145BE0083B701 /* RedTheme.swift in Sources */ = {isa = PBXBuildFile; fileRef = 73C1E81024C145BE0083B701 /* RedTheme.swift */; };
		73C1E81324C145CE0083B701 /* GrassTheme.swift in Sources */ = {isa = PBXBuildFile; fileRef = 73C1E81224C145CE0083B701 /* GrassTheme.swift */; };
		73C1E81524C146AE0083B701 /* LightTheme.swift in Sources */ = {isa = PBXBuildFile; fileRef = 73C1E81424C146AE0083B701 /* LightTheme.swift */; };
		73C1E81724C146BE0083B701 /* DarkLightTheme.swift in Sources */ = {isa = PBXBuildFile; fileRef = 73C1E81624C146BE0083B701 /* DarkLightTheme.swift */; };
		73C1E81924C14A740083B701 /* ThemeManager.swift in Sources */ = {isa = PBXBuildFile; fileRef = 73C1E81824C14A740083B701 /* ThemeManager.swift */; };
		73C1E81B24C158B40083B701 /* NTCommonViewController.swift in Sources */ = {isa = PBXBuildFile; fileRef = 73C1E81A24C158B40083B701 /* NTCommonViewController.swift */; };
		73C1E81D24C177450083B701 /* NTCommonTableViewController.swift in Sources */ = {isa = PBXBuildFile; fileRef = 73C1E81C24C177450083B701 /* NTCommonTableViewController.swift */; };
		73C1E81F24C17B910083B701 /* ThemeManagerProtocol.swift in Sources */ = {isa = PBXBuildFile; fileRef = 73C1E81E24C17B910083B701 /* ThemeManagerProtocol.swift */; };
		73C1E82124C1DB120083B701 /* SettingViewController.swift in Sources */ = {isa = PBXBuildFile; fileRef = 73C1E82024C1DB120083B701 /* SettingViewController.swift */; };
		73C1E82724C1F2640083B701 /* ThemeViewController.swift in Sources */ = {isa = PBXBuildFile; fileRef = 73C1E82624C1F2640083B701 /* ThemeViewController.swift */; };
		73C1E82A24CADF350083B701 /* Const.swift in Sources */ = {isa = PBXBuildFile; fileRef = 73C1E82924CADF350083B701 /* Const.swift */; };
		73C1E82D24CAF9B80083B701 /* NTButton.swift in Sources */ = {isa = PBXBuildFile; fileRef = 73C1E82C24CAF9B80083B701 /* NTButton.swift */; };
		73CAA11024D906BB00FD116A /* LightAppModel.swift in Sources */ = {isa = PBXBuildFile; fileRef = 73CAA10F24D906BB00FD116A /* LightAppModel.swift */; };
		73CAA11224D9087A00FD116A /* app010.json in Resources */ = {isa = PBXBuildFile; fileRef = 73CAA11124D9087A00FD116A /* app010.json */; };
		73D8409D24B4892800A064AB /* MineData.plist in Resources */ = {isa = PBXBuildFile; fileRef = 73D8401B24B4892700A064AB /* MineData.plist */; };
		73D840C924B4892800A064AB /* Assets.xcassets in Resources */ = {isa = PBXBuildFile; fileRef = 73D8409A24B4892800A064AB /* Assets.xcassets */; };
		73D840CB24B48A3D00A064AB /* HomeViewController.swift in Sources */ = {isa = PBXBuildFile; fileRef = 73D840CA24B48A3D00A064AB /* HomeViewController.swift */; };
		73D840CD24B48A4A00A064AB /* ApplicationViewController.swift in Sources */ = {isa = PBXBuildFile; fileRef = 73D840CC24B48A4A00A064AB /* ApplicationViewController.swift */; };
		73D840CF24B48A5200A064AB /* MsgViewController.swift in Sources */ = {isa = PBXBuildFile; fileRef = 73D840CE24B48A5200A064AB /* MsgViewController.swift */; };
		73D840D124B48A5B00A064AB /* DocViewController.swift in Sources */ = {isa = PBXBuildFile; fileRef = 73D840D024B48A5B00A064AB /* DocViewController.swift */; };
		73D840D324B48A6600A064AB /* MineViewController.swift in Sources */ = {isa = PBXBuildFile; fileRef = 73D840D224B48A6600A064AB /* MineViewController.swift */; };
		73E8FF8B24EFC441000E79E6 /* NavigationViewController.swift in Sources */ = {isa = PBXBuildFile; fileRef = 73E8FF8A24EFC441000E79E6 /* NavigationViewController.swift */; };
		73E8FF9324F4E9A3000E79E6 /* LoginViewController.swift in Sources */ = {isa = PBXBuildFile; fileRef = 73E8FF9224F4E9A3000E79E6 /* LoginViewController.swift */; };
		73E8FF9524F50F73000E79E6 /* ThemeSwitchCell.swift in Sources */ = {isa = PBXBuildFile; fileRef = 73E8FF9424F50F73000E79E6 /* ThemeSwitchCell.swift */; };
		73E8FF9724F5F766000E79E6 /* BaseTableViewCell.swift in Sources */ = {isa = PBXBuildFile; fileRef = 73E8FF9624F5F766000E79E6 /* BaseTableViewCell.swift */; };
		73E8FF9924F5F86A000E79E6 /* BaseCollectionViewCell.swift in Sources */ = {isa = PBXBuildFile; fileRef = 73E8FF9824F5F86A000E79E6 /* BaseCollectionViewCell.swift */; };
		9509DA784C30572D1C2FDCB9 /* Pods_JTMDM.framework in Frameworks */ = {isa = PBXBuildFile; fileRef = 4722860BBD24E8609080C3B8 /* Pods_JTMDM.framework */; };
/* End PBXBuildFile section */

/* Begin PBXContainerItemProxy section */
		731E3AA724A1A0850031418E /* PBXContainerItemProxy */ = {
			isa = PBXContainerItemProxy;
			containerPortal = 731E3A8824A1A07C0031418E /* Project object */;
			proxyType = 1;
			remoteGlobalIDString = 731E3A8F24A1A07C0031418E;
			remoteInfo = JTMDM;
		};
		731E3AB224A1A0850031418E /* PBXContainerItemProxy */ = {
			isa = PBXContainerItemProxy;
			containerPortal = 731E3A8824A1A07C0031418E /* Project object */;
			proxyType = 1;
			remoteGlobalIDString = 731E3A8F24A1A07C0031418E;
			remoteInfo = JTMDM;
		};
/* End PBXContainerItemProxy section */

/* Begin PBXFileReference section */
		362F139FC7652EB44CB0DDBB /* Pods-JTMDM.debug.xcconfig */ = {isa = PBXFileReference; includeInIndex = 1; lastKnownFileType = text.xcconfig; name = "Pods-JTMDM.debug.xcconfig"; path = "Target Support Files/Pods-JTMDM/Pods-JTMDM.debug.xcconfig"; sourceTree = "<group>"; };
		4722860BBD24E8609080C3B8 /* Pods_JTMDM.framework */ = {isa = PBXFileReference; explicitFileType = wrapper.framework; includeInIndex = 0; path = Pods_JTMDM.framework; sourceTree = BUILT_PRODUCTS_DIR; };
		731CC69425625E0900627C19 /* zuimei.swift */ = {isa = PBXFileReference; fileEncoding = 4; lastKnownFileType = sourcecode.swift; path = zuimei.swift; sourceTree = "<group>"; };
		731CC69825626A8D00627C19 /* pdf.swift */ = {isa = PBXFileReference; fileEncoding = 4; lastKnownFileType = sourcecode.swift; path = pdf.swift; sourceTree = "<group>"; };
		731E3A9024A1A07C0031418E /* JTMDM.app */ = {isa = PBXFileReference; explicitFileType = wrapper.application; includeInIndex = 0; path = JTMDM.app; sourceTree = BUILT_PRODUCTS_DIR; };
		731E3A9324A1A07C0031418E /* AppDelegate.swift */ = {isa = PBXFileReference; lastKnownFileType = sourcecode.swift; path = AppDelegate.swift; sourceTree = "<group>"; };
		731E3A9A24A1A07C0031418E /* Base */ = {isa = PBXFileReference; lastKnownFileType = file.storyboard; name = Base; path = Base.lproj/Main.storyboard; sourceTree = "<group>"; };
		731E3A9C24A1A0850031418E /* Assets.xcassets */ = {isa = PBXFileReference; lastKnownFileType = folder.assetcatalog; path = Assets.xcassets; sourceTree = "<group>"; };
		731E3A9F24A1A0850031418E /* Base */ = {isa = PBXFileReference; lastKnownFileType = file.storyboard; name = Base; path = Base.lproj/LaunchScreen.storyboard; sourceTree = "<group>"; };
		731E3AA124A1A0850031418E /* Info.plist */ = {isa = PBXFileReference; lastKnownFileType = text.plist.xml; path = Info.plist; sourceTree = "<group>"; };
		731E3AA624A1A0850031418E /* JTMDMTests.xctest */ = {isa = PBXFileReference; explicitFileType = wrapper.cfbundle; includeInIndex = 0; path = JTMDMTests.xctest; sourceTree = BUILT_PRODUCTS_DIR; };
		731E3AAA24A1A0850031418E /* JTMDMTests.swift */ = {isa = PBXFileReference; lastKnownFileType = sourcecode.swift; path = JTMDMTests.swift; sourceTree = "<group>"; };
		731E3AAC24A1A0850031418E /* Info.plist */ = {isa = PBXFileReference; lastKnownFileType = text.plist.xml; path = Info.plist; sourceTree = "<group>"; };
		731E3AB124A1A0850031418E /* JTMDMUITests.xctest */ = {isa = PBXFileReference; explicitFileType = wrapper.cfbundle; includeInIndex = 0; path = JTMDMUITests.xctest; sourceTree = BUILT_PRODUCTS_DIR; };
		731E3AB524A1A0850031418E /* JTMDMUITests.swift */ = {isa = PBXFileReference; lastKnownFileType = sourcecode.swift; path = JTMDMUITests.swift; sourceTree = "<group>"; };
		731E3AB724A1A0850031418E /* Info.plist */ = {isa = PBXFileReference; lastKnownFileType = text.plist.xml; path = Info.plist; sourceTree = "<group>"; };
		731E3AC724A1A5640031418E /* NTNavigationVCtrl.swift */ = {isa = PBXFileReference; lastKnownFileType = sourcecode.swift; path = NTNavigationVCtrl.swift; sourceTree = "<group>"; };
		731E3ADF24A1A91F0031418E /* TabBarViewController.swift */ = {isa = PBXFileReference; fileEncoding = 4; lastKnownFileType = sourcecode.swift; path = TabBarViewController.swift; sourceTree = "<group>"; };
		7323F45724D7EA20008EA1D1 /* LightAppCell.swift */ = {isa = PBXFileReference; lastKnownFileType = sourcecode.swift; path = LightAppCell.swift; sourceTree = "<group>"; };
		7323F45B24D7F078008EA1D1 /* HomeLightAppListCell.swift */ = {isa = PBXFileReference; lastKnownFileType = sourcecode.swift; path = HomeLightAppListCell.swift; sourceTree = "<group>"; };
		7323F46824D7F859008EA1D1 /* Bounds.swift */ = {isa = PBXFileReference; lastKnownFileType = sourcecode.swift; path = Bounds.swift; sourceTree = "<group>"; };
		7323F46B24D803D9008EA1D1 /* NTAlert.swift */ = {isa = PBXFileReference; lastKnownFileType = sourcecode.swift; path = NTAlert.swift; sourceTree = "<group>"; };
		73865EF224D4122800189435 /* HomeBannerCell.swift */ = {isa = PBXFileReference; lastKnownFileType = sourcecode.swift; path = HomeBannerCell.swift; sourceTree = "<group>"; };
		73865EF524D413C700189435 /* GXBanner.swift */ = {isa = PBXFileReference; fileEncoding = 4; lastKnownFileType = sourcecode.swift; path = GXBanner.swift; sourceTree = "<group>"; };
		73865EF624D413C800189435 /* GXBannerFlowLayout.swift */ = {isa = PBXFileReference; fileEncoding = 4; lastKnownFileType = sourcecode.swift; path = GXBannerFlowLayout.swift; sourceTree = "<group>"; };
		73865EF924D4186900189435 /* GXBannerTestCell.swift */ = {isa = PBXFileReference; fileEncoding = 4; lastKnownFileType = sourcecode.swift; path = GXBannerTestCell.swift; sourceTree = "<group>"; };
		73C1E80824C13EA60083B701 /* ThemeProtocol.swift */ = {isa = PBXFileReference; lastKnownFileType = sourcecode.swift; path = ThemeProtocol.swift; sourceTree = "<group>"; };
		73C1E80C24C1455D0083B701 /* MainTheme.swift */ = {isa = PBXFileReference; lastKnownFileType = sourcecode.swift; path = MainTheme.swift; sourceTree = "<group>"; };
		73C1E80E24C145AE0083B701 /* YellowTheme.swift */ = {isa = PBXFileReference; lastKnownFileType = sourcecode.swift; path = YellowTheme.swift; sourceTree = "<group>"; };
		73C1E81024C145BE0083B701 /* RedTheme.swift */ = {isa = PBXFileReference; lastKnownFileType = sourcecode.swift; path = RedTheme.swift; sourceTree = "<group>"; };
		73C1E81224C145CE0083B701 /* GrassTheme.swift */ = {isa = PBXFileReference; lastKnownFileType = sourcecode.swift; path = GrassTheme.swift; sourceTree = "<group>"; };
		73C1E81424C146AE0083B701 /* LightTheme.swift */ = {isa = PBXFileReference; lastKnownFileType = sourcecode.swift; path = LightTheme.swift; sourceTree = "<group>"; };
		73C1E81624C146BE0083B701 /* DarkLightTheme.swift */ = {isa = PBXFileReference; lastKnownFileType = sourcecode.swift; path = DarkLightTheme.swift; sourceTree = "<group>"; };
		73C1E81824C14A740083B701 /* ThemeManager.swift */ = {isa = PBXFileReference; lastKnownFileType = sourcecode.swift; path = ThemeManager.swift; sourceTree = "<group>"; };
		73C1E81A24C158B40083B701 /* NTCommonViewController.swift */ = {isa = PBXFileReference; lastKnownFileType = sourcecode.swift; path = NTCommonViewController.swift; sourceTree = "<group>"; };
		73C1E81C24C177450083B701 /* NTCommonTableViewController.swift */ = {isa = PBXFileReference; lastKnownFileType = sourcecode.swift; path = NTCommonTableViewController.swift; sourceTree = "<group>"; };
		73C1E81E24C17B910083B701 /* ThemeManagerProtocol.swift */ = {isa = PBXFileReference; lastKnownFileType = sourcecode.swift; path = ThemeManagerProtocol.swift; sourceTree = "<group>"; };
		73C1E82024C1DB120083B701 /* SettingViewController.swift */ = {isa = PBXFileReference; lastKnownFileType = sourcecode.swift; path = SettingViewController.swift; sourceTree = "<group>"; };
		73C1E82624C1F2640083B701 /* ThemeViewController.swift */ = {isa = PBXFileReference; lastKnownFileType = sourcecode.swift; path = ThemeViewController.swift; sourceTree = "<group>"; };
		73C1E82924CADF350083B701 /* Const.swift */ = {isa = PBXFileReference; lastKnownFileType = sourcecode.swift; path = Const.swift; sourceTree = "<group>"; };
		73C1E82C24CAF9B80083B701 /* NTButton.swift */ = {isa = PBXFileReference; lastKnownFileType = sourcecode.swift; path = NTButton.swift; sourceTree = "<group>"; };
		73CAA10F24D906BB00FD116A /* LightAppModel.swift */ = {isa = PBXFileReference; lastKnownFileType = sourcecode.swift; path = LightAppModel.swift; sourceTree = "<group>"; };
		73CAA11124D9087A00FD116A /* app010.json */ = {isa = PBXFileReference; fileEncoding = 4; lastKnownFileType = text.json; path = app010.json; sourceTree = "<group>"; };
		73D8401B24B4892700A064AB /* MineData.plist */ = {isa = PBXFileReference; fileEncoding = 4; lastKnownFileType = text.plist.xml; path = MineData.plist; sourceTree = "<group>"; };
		73D8409A24B4892800A064AB /* Assets.xcassets */ = {isa = PBXFileReference; lastKnownFileType = folder.assetcatalog; path = Assets.xcassets; sourceTree = "<group>"; };
		73D840CA24B48A3D00A064AB /* HomeViewController.swift */ = {isa = PBXFileReference; lastKnownFileType = sourcecode.swift; path = HomeViewController.swift; sourceTree = "<group>"; };
		73D840CC24B48A4A00A064AB /* ApplicationViewController.swift */ = {isa = PBXFileReference; lastKnownFileType = sourcecode.swift; path = ApplicationViewController.swift; sourceTree = "<group>"; };
		73D840CE24B48A5200A064AB /* MsgViewController.swift */ = {isa = PBXFileReference; lastKnownFileType = sourcecode.swift; path = MsgViewController.swift; sourceTree = "<group>"; };
		73D840D024B48A5B00A064AB /* DocViewController.swift */ = {isa = PBXFileReference; lastKnownFileType = sourcecode.swift; path = DocViewController.swift; sourceTree = "<group>"; };
		73D840D224B48A6600A064AB /* MineViewController.swift */ = {isa = PBXFileReference; lastKnownFileType = sourcecode.swift; path = MineViewController.swift; sourceTree = "<group>"; };
		73E8FF8A24EFC441000E79E6 /* NavigationViewController.swift */ = {isa = PBXFileReference; lastKnownFileType = sourcecode.swift; path = NavigationViewController.swift; sourceTree = "<group>"; };
		73E8FF9224F4E9A3000E79E6 /* LoginViewController.swift */ = {isa = PBXFileReference; lastKnownFileType = sourcecode.swift; path = LoginViewController.swift; sourceTree = "<group>"; };
		73E8FF9424F50F73000E79E6 /* ThemeSwitchCell.swift */ = {isa = PBXFileReference; lastKnownFileType = sourcecode.swift; path = ThemeSwitchCell.swift; sourceTree = "<group>"; };
		73E8FF9624F5F766000E79E6 /* BaseTableViewCell.swift */ = {isa = PBXFileReference; lastKnownFileType = sourcecode.swift; path = BaseTableViewCell.swift; sourceTree = "<group>"; };
		73E8FF9824F5F86A000E79E6 /* BaseCollectionViewCell.swift */ = {isa = PBXFileReference; lastKnownFileType = sourcecode.swift; path = BaseCollectionViewCell.swift; sourceTree = "<group>"; };
		AF9C577867B85B07D4F278E9 /* Pods-JTMDM.release.xcconfig */ = {isa = PBXFileReference; includeInIndex = 1; lastKnownFileType = text.xcconfig; name = "Pods-JTMDM.release.xcconfig"; path = "Target Support Files/Pods-JTMDM/Pods-JTMDM.release.xcconfig"; sourceTree = "<group>"; };
/* End PBXFileReference section */

/* Begin PBXFrameworksBuildPhase section */
		731E3A8D24A1A07C0031418E /* Frameworks */ = {
			isa = PBXFrameworksBuildPhase;
			buildActionMask = 2147483647;
			files = (
				9509DA784C30572D1C2FDCB9 /* Pods_JTMDM.framework in Frameworks */,
			);
			runOnlyForDeploymentPostprocessing = 0;
		};
		731E3AA324A1A0850031418E /* Frameworks */ = {
			isa = PBXFrameworksBuildPhase;
			buildActionMask = 2147483647;
			files = (
			);
			runOnlyForDeploymentPostprocessing = 0;
		};
		731E3AAE24A1A0850031418E /* Frameworks */ = {
			isa = PBXFrameworksBuildPhase;
			buildActionMask = 2147483647;
			files = (
			);
			runOnlyForDeploymentPostprocessing = 0;
		};
/* End PBXFrameworksBuildPhase section */

/* Begin PBXGroup section */
		731E3A8724A1A07C0031418E = {
			isa = PBXGroup;
			children = (
				731E3A9224A1A07C0031418E /* JTMDM */,
				731E3AA924A1A0850031418E /* JTMDMTests */,
				731E3AB424A1A0850031418E /* JTMDMUITests */,
				731E3A9124A1A07C0031418E /* Products */,
				F272851FF85FAB213F9C4579 /* Pods */,
				BAA7ED7060F47259D241FD3E /* Frameworks */,
			);
			sourceTree = "<group>";
		};
		731E3A9124A1A07C0031418E /* Products */ = {
			isa = PBXGroup;
			children = (
				731E3A9024A1A07C0031418E /* JTMDM.app */,
				731E3AA624A1A0850031418E /* JTMDMTests.xctest */,
				731E3AB124A1A0850031418E /* JTMDMUITests.xctest */,
			);
			name = Products;
			sourceTree = "<group>";
		};
		731E3A9224A1A07C0031418E /* JTMDM */ = {
			isa = PBXGroup;
			children = (
				73D8401324B4892700A064AB /* Main */,
				73D8406F24B4892700A064AB /* Expand */,
				73D8409924B4892800A064AB /* Resource（资源） */,
				73D8409824B4892800A064AB /* Vender（第三方） */,
				73D8405424B4892700A064AB /* Other（其他） */,
				731E3AA124A1A0850031418E /* Info.plist */,
			);
			path = JTMDM;
			sourceTree = "<group>";
		};
		731E3AA924A1A0850031418E /* JTMDMTests */ = {
			isa = PBXGroup;
			children = (
				731E3AAA24A1A0850031418E /* JTMDMTests.swift */,
				731E3AAC24A1A0850031418E /* Info.plist */,
			);
			path = JTMDMTests;
			sourceTree = "<group>";
		};
		731E3AB424A1A0850031418E /* JTMDMUITests */ = {
			isa = PBXGroup;
			children = (
				731E3AB524A1A0850031418E /* JTMDMUITests.swift */,
				731E3AB724A1A0850031418E /* Info.plist */,
			);
			path = JTMDMUITests;
			sourceTree = "<group>";
		};
		7323F45D24D7F7DC008EA1D1 /* NSData */ = {
			isa = PBXGroup;
			children = (
			);
			path = NSData;
			sourceTree = "<group>";
		};
		7323F45E24D7F7DC008EA1D1 /* NSString */ = {
			isa = PBXGroup;
			children = (
			);
			path = NSString;
			sourceTree = "<group>";
		};
		7323F45F24D7F7DC008EA1D1 /* UIView */ = {
			isa = PBXGroup;
			children = (
			);
			path = UIView;
			sourceTree = "<group>";
		};
		7323F46024D7F7DC008EA1D1 /* NSArray */ = {
			isa = PBXGroup;
			children = (
			);
			path = NSArray;
			sourceTree = "<group>";
		};
		7323F46124D7F7DC008EA1D1 /* NSDictionary */ = {
			isa = PBXGroup;
			children = (
			);
			path = NSDictionary;
			sourceTree = "<group>";
		};
		7323F46224D7F7DC008EA1D1 /* UIImage */ = {
			isa = PBXGroup;
			children = (
				7323F46824D7F859008EA1D1 /* Bounds.swift */,
			);
			path = UIImage;
			sourceTree = "<group>";
		};
		7323F46324D7F7DC008EA1D1 /* UILabel */ = {
			isa = PBXGroup;
			children = (
			);
			path = UILabel;
			sourceTree = "<group>";
		};
		7323F46A24D803C6008EA1D1 /* Alert */ = {
			isa = PBXGroup;
			children = (
				7323F46B24D803D9008EA1D1 /* NTAlert.swift */,
			);
			path = Alert;
			sourceTree = "<group>";
		};
		73865EF424D413C700189435 /* GXBanner */ = {
			isa = PBXGroup;
			children = (
				73865EF524D413C700189435 /* GXBanner.swift */,
				73865EF624D413C800189435 /* GXBannerFlowLayout.swift */,
			);
			path = GXBanner;
			sourceTree = "<group>";
		};
		73C1E82B24CAF9730083B701 /* Button */ = {
			isa = PBXGroup;
			children = (
				73C1E82C24CAF9B80083B701 /* NTButton.swift */,
			);
			path = Button;
			sourceTree = "<group>";
		};
		73D8401324B4892700A064AB /* Main */ = {
			isa = PBXGroup;
			children = (
				73D8403E24B4892700A064AB /* Login（登录相关） */,
				73D8402124B4892700A064AB /* Home（首页） */,
				73D8404224B4892700A064AB /* Application（应用） */,
				73D8404E24B4892700A064AB /* Msg（消息） */,
				73D8404824B4892700A064AB /* Doc（文档） */,
				73D8401424B4892700A064AB /* Mine（我的） */,
				73D8402724B4892700A064AB /* Other */,
			);
			path = Main;
			sourceTree = "<group>";
		};
		73D8401424B4892700A064AB /* Mine（我的） */ = {
			isa = PBXGroup;
			children = (
				73D8401524B4892700A064AB /* Controller */,
				73D8401A24B4892700A064AB /* Model */,
				73D8402024B4892700A064AB /* View */,
			);
			path = "Mine（我的）";
			sourceTree = "<group>";
		};
		73D8401524B4892700A064AB /* Controller */ = {
			isa = PBXGroup;
			children = (
				73D840D224B48A6600A064AB /* MineViewController.swift */,
				73C1E82024C1DB120083B701 /* SettingViewController.swift */,
				73C1E82624C1F2640083B701 /* ThemeViewController.swift */,
			);
			path = Controller;
			sourceTree = "<group>";
		};
		73D8401A24B4892700A064AB /* Model */ = {
			isa = PBXGroup;
			children = (
				73D8401B24B4892700A064AB /* MineData.plist */,
			);
			path = Model;
			sourceTree = "<group>";
		};
		73D8402024B4892700A064AB /* View */ = {
			isa = PBXGroup;
			children = (
				73E8FF9424F50F73000E79E6 /* ThemeSwitchCell.swift */,
			);
			path = View;
			sourceTree = "<group>";
		};
		73D8402124B4892700A064AB /* Home（首页） */ = {
			isa = PBXGroup;
			children = (
				73D8402224B4892700A064AB /* Controller */,
				73D8402524B4892700A064AB /* Model */,
				73D8402624B4892700A064AB /* View */,
			);
			path = "Home（首页）";
			sourceTree = "<group>";
		};
		73D8402224B4892700A064AB /* Controller */ = {
			isa = PBXGroup;
			children = (
				73D840CA24B48A3D00A064AB /* HomeViewController.swift */,
				731CC69425625E0900627C19 /* zuimei.swift */,
				731CC69825626A8D00627C19 /* pdf.swift */,
			);
			path = Controller;
			sourceTree = "<group>";
		};
		73D8402524B4892700A064AB /* Model */ = {
			isa = PBXGroup;
			children = (
				73CAA10F24D906BB00FD116A /* LightAppModel.swift */,
				73CAA11124D9087A00FD116A /* app010.json */,
			);
			path = Model;
			sourceTree = "<group>";
		};
		73D8402624B4892700A064AB /* View */ = {
			isa = PBXGroup;
			children = (
				7323F45B24D7F078008EA1D1 /* HomeLightAppListCell.swift */,
				7323F45724D7EA20008EA1D1 /* LightAppCell.swift */,
				73865EF224D4122800189435 /* HomeBannerCell.swift */,
				73865EF924D4186900189435 /* GXBannerTestCell.swift */,
			);
			path = View;
			sourceTree = "<group>";
		};
		73D8402724B4892700A064AB /* Other */ = {
			isa = PBXGroup;
			children = (
				73D8402824B4892700A064AB /* Navigation（导航条） */,
				73D8402B24B4892700A064AB /* Release（发布器） */,
				73D8402E24B4892700A064AB /* AppUpDate（升级App） */,
				73D8402F24B4892700A064AB /* TabBar */,
				73D8403224B4892700A064AB /* Public（公用） */,
				73D8403D24B4892700A064AB /* Setting（设置） */,
			);
			path = Other;
			sourceTree = "<group>";
		};
		73D8402824B4892700A064AB /* Navigation（导航条） */ = {
			isa = PBXGroup;
			children = (
				731E3AC724A1A5640031418E /* NTNavigationVCtrl.swift */,
				73E8FF8A24EFC441000E79E6 /* NavigationViewController.swift */,
			);
			path = "Navigation（导航条）";
			sourceTree = "<group>";
		};
		73D8402B24B4892700A064AB /* Release（发布器） */ = {
			isa = PBXGroup;
			children = (
			);
			path = "Release（发布器）";
			sourceTree = "<group>";
		};
		73D8402E24B4892700A064AB /* AppUpDate（升级App） */ = {
			isa = PBXGroup;
			children = (
			);
			path = "AppUpDate（升级App）";
			sourceTree = "<group>";
		};
		73D8402F24B4892700A064AB /* TabBar */ = {
			isa = PBXGroup;
			children = (
				731E3ADF24A1A91F0031418E /* TabBarViewController.swift */,
			);
			path = TabBar;
			sourceTree = "<group>";
		};
		73D8403224B4892700A064AB /* Public（公用） */ = {
			isa = PBXGroup;
			children = (
				73C1E81A24C158B40083B701 /* NTCommonViewController.swift */,
				73C1E81C24C177450083B701 /* NTCommonTableViewController.swift */,
				73E8FF9624F5F766000E79E6 /* BaseTableViewCell.swift */,
				73E8FF9824F5F86A000E79E6 /* BaseCollectionViewCell.swift */,
			);
			path = "Public（公用）";
			sourceTree = "<group>";
		};
		73D8403D24B4892700A064AB /* Setting（设置） */ = {
			isa = PBXGroup;
			children = (
			);
			path = "Setting（设置）";
			sourceTree = "<group>";
		};
		73D8403E24B4892700A064AB /* Login（登录相关） */ = {
			isa = PBXGroup;
			children = (
				73D8403F24B4892700A064AB /* Controller */,
				73D8404024B4892700A064AB /* Model */,
				73D8404124B4892700A064AB /* View */,
			);
			path = "Login（登录相关）";
			sourceTree = "<group>";
		};
		73D8403F24B4892700A064AB /* Controller */ = {
			isa = PBXGroup;
			children = (
				73E8FF9224F4E9A3000E79E6 /* LoginViewController.swift */,
			);
			path = Controller;
			sourceTree = "<group>";
		};
		73D8404024B4892700A064AB /* Model */ = {
			isa = PBXGroup;
			children = (
			);
			path = Model;
			sourceTree = "<group>";
		};
		73D8404124B4892700A064AB /* View */ = {
			isa = PBXGroup;
			children = (
			);
			path = View;
			sourceTree = "<group>";
		};
		73D8404224B4892700A064AB /* Application（应用） */ = {
			isa = PBXGroup;
			children = (
				73D8404324B4892700A064AB /* Controller */,
				73D8404624B4892700A064AB /* Model */,
				73D8404724B4892700A064AB /* View */,
			);
			path = "Application（应用）";
			sourceTree = "<group>";
		};
		73D8404324B4892700A064AB /* Controller */ = {
			isa = PBXGroup;
			children = (
				73D840CC24B48A4A00A064AB /* ApplicationViewController.swift */,
			);
			path = Controller;
			sourceTree = "<group>";
		};
		73D8404624B4892700A064AB /* Model */ = {
			isa = PBXGroup;
			children = (
			);
			path = Model;
			sourceTree = "<group>";
		};
		73D8404724B4892700A064AB /* View */ = {
			isa = PBXGroup;
			children = (
			);
			path = View;
			sourceTree = "<group>";
		};
		73D8404824B4892700A064AB /* Doc（文档） */ = {
			isa = PBXGroup;
			children = (
				73D8404924B4892700A064AB /* Controller */,
				73D8404C24B4892700A064AB /* Model */,
				73D8404D24B4892700A064AB /* View */,
			);
			path = "Doc（文档）";
			sourceTree = "<group>";
		};
		73D8404924B4892700A064AB /* Controller */ = {
			isa = PBXGroup;
			children = (
				73D840D024B48A5B00A064AB /* DocViewController.swift */,
			);
			path = Controller;
			sourceTree = "<group>";
		};
		73D8404C24B4892700A064AB /* Model */ = {
			isa = PBXGroup;
			children = (
			);
			path = Model;
			sourceTree = "<group>";
		};
		73D8404D24B4892700A064AB /* View */ = {
			isa = PBXGroup;
			children = (
			);
			path = View;
			sourceTree = "<group>";
		};
		73D8404E24B4892700A064AB /* Msg（消息） */ = {
			isa = PBXGroup;
			children = (
				73D8404F24B4892700A064AB /* Controller */,
				73D8405224B4892700A064AB /* Model */,
				73D8405324B4892700A064AB /* View */,
			);
			path = "Msg（消息）";
			sourceTree = "<group>";
		};
		73D8404F24B4892700A064AB /* Controller */ = {
			isa = PBXGroup;
			children = (
				73D840CE24B48A5200A064AB /* MsgViewController.swift */,
			);
			path = Controller;
			sourceTree = "<group>";
		};
		73D8405224B4892700A064AB /* Model */ = {
			isa = PBXGroup;
			children = (
			);
			path = Model;
			sourceTree = "<group>";
		};
		73D8405324B4892700A064AB /* View */ = {
			isa = PBXGroup;
			children = (
			);
			path = View;
			sourceTree = "<group>";
		};
		73D8405424B4892700A064AB /* Other（其他） */ = {
			isa = PBXGroup;
			children = (
				731E3A9924A1A07C0031418E /* Main.storyboard */,
				731E3A9C24A1A0850031418E /* Assets.xcassets */,
				731E3A9E24A1A0850031418E /* LaunchScreen.storyboard */,
				731E3A9324A1A07C0031418E /* AppDelegate.swift */,
			);
			path = "Other（其他）";
			sourceTree = "<group>";
		};
		73D8406F24B4892700A064AB /* Expand */ = {
			isa = PBXGroup;
			children = (
				7323F46A24D803C6008EA1D1 /* Alert */,
				73865EF424D413C700189435 /* GXBanner */,
				73D8407024B4892700A064AB /* DataBase（数据库） */,
				73D8407124B4892700A064AB /* Const（常量） */,
				73D8407324B4892700A064AB /* Tool（工具类） */,
				73D8409324B4892700A064AB /* Other */,
				73D8409424B4892700A064AB /* Macros */,
				73D8409624B4892700A064AB /* Category（分类） */,
				73D8409724B4892700A064AB /* Network（网络） */,
			);
			path = Expand;
			sourceTree = "<group>";
		};
		73D8407024B4892700A064AB /* DataBase（数据库） */ = {
			isa = PBXGroup;
			children = (
			);
			path = "DataBase（数据库）";
			sourceTree = "<group>";
		};
		73D8407124B4892700A064AB /* Const（常量） */ = {
			isa = PBXGroup;
			children = (
				73C1E82924CADF350083B701 /* Const.swift */,
			);
			path = "Const（常量）";
			sourceTree = "<group>";
		};
		73D8407324B4892700A064AB /* Tool（工具类） */ = {
			isa = PBXGroup;
			children = (
				73C1E82B24CAF9730083B701 /* Button */,
				73D8407424B4892700A064AB /* Theme（主题） */,
				73D8408624B4892700A064AB /* SwitchRootVCTool（选择根控制器） */,
				73D8408924B4892700A064AB /* ClearCacheTool（清除缓存） */,
				73D8408A24B4892700A064AB /* BaseService(基本服务) */,
				73D8408D24B4892700A064AB /* DownloadResources（下载资源） */,
				73D8409024B4892700A064AB /* Base64Code（base64编码） */,
			);
			path = "Tool（工具类）";
			sourceTree = "<group>";
		};
		73D8407424B4892700A064AB /* Theme（主题） */ = {
			isa = PBXGroup;
			children = (
				73C1E80824C13EA60083B701 /* ThemeProtocol.swift */,
				73C1E81824C14A740083B701 /* ThemeManager.swift */,
				73C1E81E24C17B910083B701 /* ThemeManagerProtocol.swift */,
				73C1E80C24C1455D0083B701 /* MainTheme.swift */,
				73C1E80E24C145AE0083B701 /* YellowTheme.swift */,
				73C1E81024C145BE0083B701 /* RedTheme.swift */,
				73C1E81224C145CE0083B701 /* GrassTheme.swift */,
				73C1E81424C146AE0083B701 /* LightTheme.swift */,
				73C1E81624C146BE0083B701 /* DarkLightTheme.swift */,
			);
			path = "Theme（主题）";
			sourceTree = "<group>";
		};
		73D8408624B4892700A064AB /* SwitchRootVCTool（选择根控制器） */ = {
			isa = PBXGroup;
			children = (
			);
			path = "SwitchRootVCTool（选择根控制器）";
			sourceTree = "<group>";
		};
		73D8408924B4892700A064AB /* ClearCacheTool（清除缓存） */ = {
			isa = PBXGroup;
			children = (
			);
			path = "ClearCacheTool（清除缓存）";
			sourceTree = "<group>";
		};
		73D8408A24B4892700A064AB /* BaseService(基本服务) */ = {
			isa = PBXGroup;
			children = (
			);
			path = "BaseService(基本服务)";
			sourceTree = "<group>";
		};
		73D8408D24B4892700A064AB /* DownloadResources（下载资源） */ = {
			isa = PBXGroup;
			children = (
			);
			path = "DownloadResources（下载资源）";
			sourceTree = "<group>";
		};
		73D8409024B4892700A064AB /* Base64Code（base64编码） */ = {
			isa = PBXGroup;
			children = (
			);
			path = "Base64Code（base64编码）";
			sourceTree = "<group>";
		};
		73D8409324B4892700A064AB /* Other */ = {
			isa = PBXGroup;
			children = (
			);
			path = Other;
			sourceTree = "<group>";
		};
		73D8409424B4892700A064AB /* Macros */ = {
			isa = PBXGroup;
			children = (
			);
			path = Macros;
			sourceTree = "<group>";
		};
		73D8409624B4892700A064AB /* Category（分类） */ = {
			isa = PBXGroup;
			children = (
				7323F46024D7F7DC008EA1D1 /* NSArray */,
				7323F45D24D7F7DC008EA1D1 /* NSData */,
				7323F46124D7F7DC008EA1D1 /* NSDictionary */,
				7323F45E24D7F7DC008EA1D1 /* NSString */,
				7323F46224D7F7DC008EA1D1 /* UIImage */,
				7323F46324D7F7DC008EA1D1 /* UILabel */,
				7323F45F24D7F7DC008EA1D1 /* UIView */,
			);
			path = "Category（分类）";
			sourceTree = "<group>";
		};
		73D8409724B4892700A064AB /* Network（网络） */ = {
			isa = PBXGroup;
			children = (
			);
			path = "Network（网络）";
			sourceTree = "<group>";
		};
		73D8409824B4892800A064AB /* Vender（第三方） */ = {
			isa = PBXGroup;
			children = (
			);
			path = "Vender（第三方）";
			sourceTree = "<group>";
		};
		73D8409924B4892800A064AB /* Resource（资源） */ = {
			isa = PBXGroup;
			children = (
				73D8409A24B4892800A064AB /* Assets.xcassets */,
			);
			path = "Resource（资源）";
			sourceTree = "<group>";
		};
		BAA7ED7060F47259D241FD3E /* Frameworks */ = {
			isa = PBXGroup;
			children = (
				4722860BBD24E8609080C3B8 /* Pods_JTMDM.framework */,
			);
			name = Frameworks;
			sourceTree = "<group>";
		};
		F272851FF85FAB213F9C4579 /* Pods */ = {
			isa = PBXGroup;
			children = (
				362F139FC7652EB44CB0DDBB /* Pods-JTMDM.debug.xcconfig */,
				AF9C577867B85B07D4F278E9 /* Pods-JTMDM.release.xcconfig */,
			);
			path = Pods;
			sourceTree = "<group>";
		};
/* End PBXGroup section */

/* Begin PBXNativeTarget section */
		731E3A8F24A1A07C0031418E /* JTMDM */ = {
			isa = PBXNativeTarget;
			buildConfigurationList = 731E3ABA24A1A0850031418E /* Build configuration list for PBXNativeTarget "JTMDM" */;
			buildPhases = (
				4DADD0AAD5CCA1B5275F3A1D /* [CP] Check Pods Manifest.lock */,
				731E3A8C24A1A07C0031418E /* Sources */,
				731E3A8D24A1A07C0031418E /* Frameworks */,
				731E3A8E24A1A07C0031418E /* Resources */,
				8DA90B70F70571810C28F1FE /* [CP] Embed Pods Frameworks */,
			);
			buildRules = (
			);
			dependencies = (
			);
			name = JTMDM;
			productName = JTMDM;
			productReference = 731E3A9024A1A07C0031418E /* JTMDM.app */;
			productType = "com.apple.product-type.application";
		};
		731E3AA524A1A0850031418E /* JTMDMTests */ = {
			isa = PBXNativeTarget;
			buildConfigurationList = 731E3ABD24A1A0850031418E /* Build configuration list for PBXNativeTarget "JTMDMTests" */;
			buildPhases = (
				731E3AA224A1A0850031418E /* Sources */,
				731E3AA324A1A0850031418E /* Frameworks */,
				731E3AA424A1A0850031418E /* Resources */,
			);
			buildRules = (
			);
			dependencies = (
				731E3AA824A1A0850031418E /* PBXTargetDependency */,
			);
			name = JTMDMTests;
			productName = JTMDMTests;
			productReference = 731E3AA624A1A0850031418E /* JTMDMTests.xctest */;
			productType = "com.apple.product-type.bundle.unit-test";
		};
		731E3AB024A1A0850031418E /* JTMDMUITests */ = {
			isa = PBXNativeTarget;
			buildConfigurationList = 731E3AC024A1A0850031418E /* Build configuration list for PBXNativeTarget "JTMDMUITests" */;
			buildPhases = (
				731E3AAD24A1A0850031418E /* Sources */,
				731E3AAE24A1A0850031418E /* Frameworks */,
				731E3AAF24A1A0850031418E /* Resources */,
			);
			buildRules = (
			);
			dependencies = (
				731E3AB324A1A0850031418E /* PBXTargetDependency */,
			);
			name = JTMDMUITests;
			productName = JTMDMUITests;
			productReference = 731E3AB124A1A0850031418E /* JTMDMUITests.xctest */;
			productType = "com.apple.product-type.bundle.ui-testing";
		};
/* End PBXNativeTarget section */

/* Begin PBXProject section */
		731E3A8824A1A07C0031418E /* Project object */ = {
			isa = PBXProject;
			attributes = {
				LastSwiftUpdateCheck = 1150;
				LastUpgradeCheck = 1150;
				ORGANIZATIONNAME = "南天";
				TargetAttributes = {
					731E3A8F24A1A07C0031418E = {
						CreatedOnToolsVersion = 11.5;
					};
					731E3AA524A1A0850031418E = {
						CreatedOnToolsVersion = 11.5;
						TestTargetID = 731E3A8F24A1A07C0031418E;
					};
					731E3AB024A1A0850031418E = {
						CreatedOnToolsVersion = 11.5;
						TestTargetID = 731E3A8F24A1A07C0031418E;
					};
				};
			};
			buildConfigurationList = 731E3A8B24A1A07C0031418E /* Build configuration list for PBXProject "JTMDM" */;
			compatibilityVersion = "Xcode 9.3";
			developmentRegion = en;
			hasScannedForEncodings = 0;
			knownRegions = (
				en,
				Base,
			);
			mainGroup = 731E3A8724A1A07C0031418E;
			productRefGroup = 731E3A9124A1A07C0031418E /* Products */;
			projectDirPath = "";
			projectRoot = "";
			targets = (
				731E3A8F24A1A07C0031418E /* JTMDM */,
				731E3AA524A1A0850031418E /* JTMDMTests */,
				731E3AB024A1A0850031418E /* JTMDMUITests */,
			);
		};
/* End PBXProject section */

/* Begin PBXResourcesBuildPhase section */
		731E3A8E24A1A07C0031418E /* Resources */ = {
			isa = PBXResourcesBuildPhase;
			buildActionMask = 2147483647;
			files = (
				73D840C924B4892800A064AB /* Assets.xcassets in Resources */,
				73CAA11224D9087A00FD116A /* app010.json in Resources */,
				731E3AA024A1A0850031418E /* LaunchScreen.storyboard in Resources */,
				731E3A9D24A1A0850031418E /* Assets.xcassets in Resources */,
				731E3A9B24A1A07C0031418E /* Main.storyboard in Resources */,
				73D8409D24B4892800A064AB /* MineData.plist in Resources */,
			);
			runOnlyForDeploymentPostprocessing = 0;
		};
		731E3AA424A1A0850031418E /* Resources */ = {
			isa = PBXResourcesBuildPhase;
			buildActionMask = 2147483647;
			files = (
			);
			runOnlyForDeploymentPostprocessing = 0;
		};
		731E3AAF24A1A0850031418E /* Resources */ = {
			isa = PBXResourcesBuildPhase;
			buildActionMask = 2147483647;
			files = (
			);
			runOnlyForDeploymentPostprocessing = 0;
		};
/* End PBXResourcesBuildPhase section */

/* Begin PBXShellScriptBuildPhase section */
		4DADD0AAD5CCA1B5275F3A1D /* [CP] Check Pods Manifest.lock */ = {
			isa = PBXShellScriptBuildPhase;
			buildActionMask = 2147483647;
			files = (
			);
			inputFileListPaths = (
			);
			inputPaths = (
				"${PODS_PODFILE_DIR_PATH}/Podfile.lock",
				"${PODS_ROOT}/Manifest.lock",
			);
			name = "[CP] Check Pods Manifest.lock";
			outputFileListPaths = (
			);
			outputPaths = (
				"$(DERIVED_FILE_DIR)/Pods-JTMDM-checkManifestLockResult.txt",
			);
			runOnlyForDeploymentPostprocessing = 0;
			shellPath = /bin/sh;
			shellScript = "diff \"${PODS_PODFILE_DIR_PATH}/Podfile.lock\" \"${PODS_ROOT}/Manifest.lock\" > /dev/null\nif [ $? != 0 ] ; then\n    # print error to STDERR\n    echo \"error: The sandbox is not in sync with the Podfile.lock. Run 'pod install' or update your CocoaPods installation.\" >&2\n    exit 1\nfi\n# This output is used by Xcode 'outputs' to avoid re-running this script phase.\necho \"SUCCESS\" > \"${SCRIPT_OUTPUT_FILE_0}\"\n";
			showEnvVarsInLog = 0;
		};
		8DA90B70F70571810C28F1FE /* [CP] Embed Pods Frameworks */ = {
			isa = PBXShellScriptBuildPhase;
			buildActionMask = 2147483647;
			files = (
			);
			inputFileListPaths = (
				"${PODS_ROOT}/Target Support Files/Pods-JTMDM/Pods-JTMDM-frameworks-${CONFIGURATION}-input-files.xcfilelist",
			);
			name = "[CP] Embed Pods Frameworks";
			outputFileListPaths = (
				"${PODS_ROOT}/Target Support Files/Pods-JTMDM/Pods-JTMDM-frameworks-${CONFIGURATION}-output-files.xcfilelist",
			);
			runOnlyForDeploymentPostprocessing = 0;
			shellPath = /bin/sh;
			shellScript = "\"${PODS_ROOT}/Target Support Files/Pods-JTMDM/Pods-JTMDM-frameworks.sh\"\n";
			showEnvVarsInLog = 0;
		};
/* End PBXShellScriptBuildPhase section */

/* Begin PBXSourcesBuildPhase section */
		731E3A8C24A1A07C0031418E /* Sources */ = {
			isa = PBXSourcesBuildPhase;
			buildActionMask = 2147483647;
			files = (
				73C1E80F24C145AE0083B701 /* YellowTheme.swift in Sources */,
				731E3AE024A1A91F0031418E /* TabBarViewController.swift in Sources */,
				73D840CD24B48A4A00A064AB /* ApplicationViewController.swift in Sources */,
				7323F46C24D803D9008EA1D1 /* NTAlert.swift in Sources */,
				73E8FF9724F5F766000E79E6 /* BaseTableViewCell.swift in Sources */,
				73C1E81124C145BE0083B701 /* RedTheme.swift in Sources */,
				73C1E82A24CADF350083B701 /* Const.swift in Sources */,
				7323F45C24D7F078008EA1D1 /* HomeLightAppListCell.swift in Sources */,
				7323F46924D7F859008EA1D1 /* Bounds.swift in Sources */,
				731E3AC824A1A5640031418E /* NTNavigationVCtrl.swift in Sources */,
				73D840D124B48A5B00A064AB /* DocViewController.swift in Sources */,
				73C1E82724C1F2640083B701 /* ThemeViewController.swift in Sources */,
				73C1E81B24C158B40083B701 /* NTCommonViewController.swift in Sources */,
				73E8FF8B24EFC441000E79E6 /* NavigationViewController.swift in Sources */,
				73C1E81324C145CE0083B701 /* GrassTheme.swift in Sources */,
				73865EF724D413C800189435 /* GXBanner.swift in Sources */,
				73C1E81D24C177450083B701 /* NTCommonTableViewController.swift in Sources */,
				73C1E80D24C1455D0083B701 /* MainTheme.swift in Sources */,
				73C1E82D24CAF9B80083B701 /* NTButton.swift in Sources */,
				73C1E81F24C17B910083B701 /* ThemeManagerProtocol.swift in Sources */,
				73E8FF9924F5F86A000E79E6 /* BaseCollectionViewCell.swift in Sources */,
				73865EF324D4122800189435 /* HomeBannerCell.swift in Sources */,
				73865EF824D413C800189435 /* GXBannerFlowLayout.swift in Sources */,
				73D840CF24B48A5200A064AB /* MsgViewController.swift in Sources */,
				731E3A9424A1A07C0031418E /* AppDelegate.swift in Sources */,
				73C1E80924C13EA60083B701 /* ThemeProtocol.swift in Sources */,
				73865EFA24D4186900189435 /* GXBannerTestCell.swift in Sources */,
				73CAA11024D906BB00FD116A /* LightAppModel.swift in Sources */,
				731CC69525625E0900627C19 /* zuimei.swift in Sources */,
				73E8FF9524F50F73000E79E6 /* ThemeSwitchCell.swift in Sources */,
				73C1E81924C14A740083B701 /* ThemeManager.swift in Sources */,
				73C1E82124C1DB120083B701 /* SettingViewController.swift in Sources */,
				73D840CB24B48A3D00A064AB /* HomeViewController.swift in Sources */,
				73C1E81724C146BE0083B701 /* DarkLightTheme.swift in Sources */,
				73E8FF9324F4E9A3000E79E6 /* LoginViewController.swift in Sources */,
				731CC69925626A8E00627C19 /* pdf.swift in Sources */,
				73C1E81524C146AE0083B701 /* LightTheme.swift in Sources */,
				7323F45824D7EA20008EA1D1 /* LightAppCell.swift in Sources */,
				73D840D324B48A6600A064AB /* MineViewController.swift in Sources */,
			);
			runOnlyForDeploymentPostprocessing = 0;
		};
		731E3AA224A1A0850031418E /* Sources */ = {
			isa = PBXSourcesBuildPhase;
			buildActionMask = 2147483647;
			files = (
				731E3AAB24A1A0850031418E /* JTMDMTests.swift in Sources */,
			);
			runOnlyForDeploymentPostprocessing = 0;
		};
		731E3AAD24A1A0850031418E /* Sources */ = {
			isa = PBXSourcesBuildPhase;
			buildActionMask = 2147483647;
			files = (
				731E3AB624A1A0850031418E /* JTMDMUITests.swift in Sources */,
			);
			runOnlyForDeploymentPostprocessing = 0;
		};
/* End PBXSourcesBuildPhase section */

/* Begin PBXTargetDependency section */
		731E3AA824A1A0850031418E /* PBXTargetDependency */ = {
			isa = PBXTargetDependency;
			target = 731E3A8F24A1A07C0031418E /* JTMDM */;
			targetProxy = 731E3AA724A1A0850031418E /* PBXContainerItemProxy */;
		};
		731E3AB324A1A0850031418E /* PBXTargetDependency */ = {
			isa = PBXTargetDependency;
			target = 731E3A8F24A1A07C0031418E /* JTMDM */;
			targetProxy = 731E3AB224A1A0850031418E /* PBXContainerItemProxy */;
		};
/* End PBXTargetDependency section */

/* Begin PBXVariantGroup section */
		731E3A9924A1A07C0031418E /* Main.storyboard */ = {
			isa = PBXVariantGroup;
			children = (
				731E3A9A24A1A07C0031418E /* Base */,
			);
			name = Main.storyboard;
			sourceTree = "<group>";
		};
		731E3A9E24A1A0850031418E /* LaunchScreen.storyboard */ = {
			isa = PBXVariantGroup;
			children = (
				731E3A9F24A1A0850031418E /* Base */,
			);
			name = LaunchScreen.storyboard;
			sourceTree = "<group>";
		};
/* End PBXVariantGroup section */

/* Begin XCBuildConfiguration section */
		731E3AB824A1A0850031418E /* Debug */ = {
			isa = XCBuildConfiguration;
			buildSettings = {
				ALWAYS_SEARCH_USER_PATHS = NO;
				CLANG_ANALYZER_NONNULL = YES;
				CLANG_ANALYZER_NUMBER_OBJECT_CONVERSION = YES_AGGRESSIVE;
				CLANG_CXX_LANGUAGE_STANDARD = "gnu++14";
				CLANG_CXX_LIBRARY = "libc++";
				CLANG_ENABLE_MODULES = YES;
				CLANG_ENABLE_OBJC_ARC = YES;
				CLANG_ENABLE_OBJC_WEAK = YES;
				CLANG_WARN_BLOCK_CAPTURE_AUTORELEASING = YES;
				CLANG_WARN_BOOL_CONVERSION = YES;
				CLANG_WARN_COMMA = YES;
				CLANG_WARN_CONSTANT_CONVERSION = YES;
				CLANG_WARN_DEPRECATED_OBJC_IMPLEMENTATIONS = YES;
				CLANG_WARN_DIRECT_OBJC_ISA_USAGE = YES_ERROR;
				CLANG_WARN_DOCUMENTATION_COMMENTS = YES;
				CLANG_WARN_EMPTY_BODY = YES;
				CLANG_WARN_ENUM_CONVERSION = YES;
				CLANG_WARN_INFINITE_RECURSION = YES;
				CLANG_WARN_INT_CONVERSION = YES;
				CLANG_WARN_NON_LITERAL_NULL_CONVERSION = YES;
				CLANG_WARN_OBJC_IMPLICIT_RETAIN_SELF = YES;
				CLANG_WARN_OBJC_LITERAL_CONVERSION = YES;
				CLANG_WARN_OBJC_ROOT_CLASS = YES_ERROR;
				CLANG_WARN_RANGE_LOOP_ANALYSIS = YES;
				CLANG_WARN_STRICT_PROTOTYPES = YES;
				CLANG_WARN_SUSPICIOUS_MOVE = YES;
				CLANG_WARN_UNGUARDED_AVAILABILITY = YES_AGGRESSIVE;
				CLANG_WARN_UNREACHABLE_CODE = YES;
				CLANG_WARN__DUPLICATE_METHOD_MATCH = YES;
				COPY_PHASE_STRIP = NO;
				DEBUG_INFORMATION_FORMAT = dwarf;
				ENABLE_STRICT_OBJC_MSGSEND = YES;
				ENABLE_TESTABILITY = YES;
				GCC_C_LANGUAGE_STANDARD = gnu11;
				GCC_DYNAMIC_NO_PIC = NO;
				GCC_NO_COMMON_BLOCKS = YES;
				GCC_OPTIMIZATION_LEVEL = 0;
				GCC_PREPROCESSOR_DEFINITIONS = (
					"DEBUG=1",
					"$(inherited)",
				);
				GCC_WARN_64_TO_32_BIT_CONVERSION = YES;
				GCC_WARN_ABOUT_RETURN_TYPE = YES_ERROR;
				GCC_WARN_UNDECLARED_SELECTOR = YES;
				GCC_WARN_UNINITIALIZED_AUTOS = YES_AGGRESSIVE;
				GCC_WARN_UNUSED_FUNCTION = YES;
				GCC_WARN_UNUSED_VARIABLE = YES;
				IPHONEOS_DEPLOYMENT_TARGET = 13.5;
				MTL_ENABLE_DEBUG_INFO = INCLUDE_SOURCE;
				MTL_FAST_MATH = YES;
				ONLY_ACTIVE_ARCH = YES;
				SDKROOT = iphoneos;
				SWIFT_ACTIVE_COMPILATION_CONDITIONS = DEBUG;
				SWIFT_OPTIMIZATION_LEVEL = "-Onone";
			};
			name = Debug;
		};
		731E3AB924A1A0850031418E /* Release */ = {
			isa = XCBuildConfiguration;
			buildSettings = {
				ALWAYS_SEARCH_USER_PATHS = NO;
				CLANG_ANALYZER_NONNULL = YES;
				CLANG_ANALYZER_NUMBER_OBJECT_CONVERSION = YES_AGGRESSIVE;
				CLANG_CXX_LANGUAGE_STANDARD = "gnu++14";
				CLANG_CXX_LIBRARY = "libc++";
				CLANG_ENABLE_MODULES = YES;
				CLANG_ENABLE_OBJC_ARC = YES;
				CLANG_ENABLE_OBJC_WEAK = YES;
				CLANG_WARN_BLOCK_CAPTURE_AUTORELEASING = YES;
				CLANG_WARN_BOOL_CONVERSION = YES;
				CLANG_WARN_COMMA = YES;
				CLANG_WARN_CONSTANT_CONVERSION = YES;
				CLANG_WARN_DEPRECATED_OBJC_IMPLEMENTATIONS = YES;
				CLANG_WARN_DIRECT_OBJC_ISA_USAGE = YES_ERROR;
				CLANG_WARN_DOCUMENTATION_COMMENTS = YES;
				CLANG_WARN_EMPTY_BODY = YES;
				CLANG_WARN_ENUM_CONVERSION = YES;
				CLANG_WARN_INFINITE_RECURSION = YES;
				CLANG_WARN_INT_CONVERSION = YES;
				CLANG_WARN_NON_LITERAL_NULL_CONVERSION = YES;
				CLANG_WARN_OBJC_IMPLICIT_RETAIN_SELF = YES;
				CLANG_WARN_OBJC_LITERAL_CONVERSION = YES;
				CLANG_WARN_OBJC_ROOT_CLASS = YES_ERROR;
				CLANG_WARN_RANGE_LOOP_ANALYSIS = YES;
				CLANG_WARN_STRICT_PROTOTYPES = YES;
				CLANG_WARN_SUSPICIOUS_MOVE = YES;
				CLANG_WARN_UNGUARDED_AVAILABILITY = YES_AGGRESSIVE;
				CLANG_WARN_UNREACHABLE_CODE = YES;
				CLANG_WARN__DUPLICATE_METHOD_MATCH = YES;
				COPY_PHASE_STRIP = NO;
				DEBUG_INFORMATION_FORMAT = "dwarf-with-dsym";
				ENABLE_NS_ASSERTIONS = NO;
				ENABLE_STRICT_OBJC_MSGSEND = YES;
				GCC_C_LANGUAGE_STANDARD = gnu11;
				GCC_NO_COMMON_BLOCKS = YES;
				GCC_WARN_64_TO_32_BIT_CONVERSION = YES;
				GCC_WARN_ABOUT_RETURN_TYPE = YES_ERROR;
				GCC_WARN_UNDECLARED_SELECTOR = YES;
				GCC_WARN_UNINITIALIZED_AUTOS = YES_AGGRESSIVE;
				GCC_WARN_UNUSED_FUNCTION = YES;
				GCC_WARN_UNUSED_VARIABLE = YES;
				IPHONEOS_DEPLOYMENT_TARGET = 13.5;
				MTL_ENABLE_DEBUG_INFO = NO;
				MTL_FAST_MATH = YES;
				SDKROOT = iphoneos;
				SWIFT_COMPILATION_MODE = wholemodule;
				SWIFT_OPTIMIZATION_LEVEL = "-O";
				VALIDATE_PRODUCT = YES;
			};
			name = Release;
		};
		731E3ABB24A1A0850031418E /* Debug */ = {
			isa = XCBuildConfiguration;
			baseConfigurationReference = 362F139FC7652EB44CB0DDBB /* Pods-JTMDM.debug.xcconfig */;
			buildSettings = {
				ASSETCATALOG_COMPILER_APPICON_NAME = AppIcon;
				CODE_SIGN_STYLE = Automatic;
				INFOPLIST_FILE = JTMDM/Info.plist;
				IPHONEOS_DEPLOYMENT_TARGET = 13.0;
				LD_RUNPATH_SEARCH_PATHS = (
					"$(inherited)",
					"@executable_path/Frameworks",
				);
				PRODUCT_BUNDLE_IDENTIFIER = NT.JTMDM;
				PRODUCT_NAME = "$(TARGET_NAME)";
				SWIFT_VERSION = 5.0;
				TARGETED_DEVICE_FAMILY = "1,2";
			};
			name = Debug;
		};
		731E3ABC24A1A0850031418E /* Release */ = {
			isa = XCBuildConfiguration;
			baseConfigurationReference = AF9C577867B85B07D4F278E9 /* Pods-JTMDM.release.xcconfig */;
			buildSettings = {
				ASSETCATALOG_COMPILER_APPICON_NAME = AppIcon;
				CODE_SIGN_STYLE = Automatic;
				INFOPLIST_FILE = JTMDM/Info.plist;
				IPHONEOS_DEPLOYMENT_TARGET = 13.0;
				LD_RUNPATH_SEARCH_PATHS = (
					"$(inherited)",
					"@executable_path/Frameworks",
				);
				PRODUCT_BUNDLE_IDENTIFIER = NT.JTMDM;
				PRODUCT_NAME = "$(TARGET_NAME)";
				SWIFT_VERSION = 5.0;
				TARGETED_DEVICE_FAMILY = "1,2";
			};
			name = Release;
		};
		731E3ABE24A1A0850031418E /* Debug */ = {
			isa = XCBuildConfiguration;
			buildSettings = {
				ALWAYS_EMBED_SWIFT_STANDARD_LIBRARIES = YES;
				BUNDLE_LOADER = "$(TEST_HOST)";
				CODE_SIGN_STYLE = Automatic;
				INFOPLIST_FILE = JTMDMTests/Info.plist;
				IPHONEOS_DEPLOYMENT_TARGET = 13.5;
				LD_RUNPATH_SEARCH_PATHS = (
					"$(inherited)",
					"@executable_path/Frameworks",
					"@loader_path/Frameworks",
				);
				PRODUCT_BUNDLE_IDENTIFIER = NT.JTMDMTests;
				PRODUCT_NAME = "$(TARGET_NAME)";
				SWIFT_VERSION = 5.0;
				TARGETED_DEVICE_FAMILY = "1,2";
				TEST_HOST = "$(BUILT_PRODUCTS_DIR)/JTMDM.app/JTMDM";
			};
			name = Debug;
		};
		731E3ABF24A1A0850031418E /* Release */ = {
			isa = XCBuildConfiguration;
			buildSettings = {
				ALWAYS_EMBED_SWIFT_STANDARD_LIBRARIES = YES;
				BUNDLE_LOADER = "$(TEST_HOST)";
				CODE_SIGN_STYLE = Automatic;
				INFOPLIST_FILE = JTMDMTests/Info.plist;
				IPHONEOS_DEPLOYMENT_TARGET = 13.5;
				LD_RUNPATH_SEARCH_PATHS = (
					"$(inherited)",
					"@executable_path/Frameworks",
					"@loader_path/Frameworks",
				);
				PRODUCT_BUNDLE_IDENTIFIER = NT.JTMDMTests;
				PRODUCT_NAME = "$(TARGET_NAME)";
				SWIFT_VERSION = 5.0;
				TARGETED_DEVICE_FAMILY = "1,2";
				TEST_HOST = "$(BUILT_PRODUCTS_DIR)/JTMDM.app/JTMDM";
			};
			name = Release;
		};
		731E3AC124A1A0850031418E /* Debug */ = {
			isa = XCBuildConfiguration;
			buildSettings = {
				ALWAYS_EMBED_SWIFT_STANDARD_LIBRARIES = YES;
				CODE_SIGN_STYLE = Automatic;
				INFOPLIST_FILE = JTMDMUITests/Info.plist;
				LD_RUNPATH_SEARCH_PATHS = (
					"$(inherited)",
					"@executable_path/Frameworks",
					"@loader_path/Frameworks",
				);
				PRODUCT_BUNDLE_IDENTIFIER = NT.JTMDMUITests;
				PRODUCT_NAME = "$(TARGET_NAME)";
				SWIFT_VERSION = 5.0;
				TARGETED_DEVICE_FAMILY = "1,2";
				TEST_TARGET_NAME = JTMDM;
			};
			name = Debug;
		};
		731E3AC224A1A0850031418E /* Release */ = {
			isa = XCBuildConfiguration;
			buildSettings = {
				ALWAYS_EMBED_SWIFT_STANDARD_LIBRARIES = YES;
				CODE_SIGN_STYLE = Automatic;
				INFOPLIST_FILE = JTMDMUITests/Info.plist;
				LD_RUNPATH_SEARCH_PATHS = (
					"$(inherited)",
					"@executable_path/Frameworks",
					"@loader_path/Frameworks",
				);
				PRODUCT_BUNDLE_IDENTIFIER = NT.JTMDMUITests;
				PRODUCT_NAME = "$(TARGET_NAME)";
				SWIFT_VERSION = 5.0;
				TARGETED_DEVICE_FAMILY = "1,2";
				TEST_TARGET_NAME = JTMDM;
			};
			name = Release;
		};
/* End XCBuildConfiguration section */

/* Begin XCConfigurationList section */
		731E3A8B24A1A07C0031418E /* Build configuration list for PBXProject "JTMDM" */ = {
			isa = XCConfigurationList;
			buildConfigurations = (
				731E3AB824A1A0850031418E /* Debug */,
				731E3AB924A1A0850031418E /* Release */,
			);
			defaultConfigurationIsVisible = 0;
			defaultConfigurationName = Release;
		};
		731E3ABA24A1A0850031418E /* Build configuration list for PBXNativeTarget "JTMDM" */ = {
			isa = XCConfigurationList;
			buildConfigurations = (
				731E3ABB24A1A0850031418E /* Debug */,
				731E3ABC24A1A0850031418E /* Release */,
			);
			defaultConfigurationIsVisible = 0;
			defaultConfigurationName = Release;
		};
		731E3ABD24A1A0850031418E /* Build configuration list for PBXNativeTarget "JTMDMTests" */ = {
			isa = XCConfigurationList;
			buildConfigurations = (
				731E3ABE24A1A0850031418E /* Debug */,
				731E3ABF24A1A0850031418E /* Release */,
			);
			defaultConfigurationIsVisible = 0;
			defaultConfigurationName = Release;
		};
		731E3AC024A1A0850031418E /* Build configuration list for PBXNativeTarget "JTMDMUITests" */ = {
			isa = XCConfigurationList;
			buildConfigurations = (
				731E3AC124A1A0850031418E /* Debug */,
				731E3AC224A1A0850031418E /* Release */,
			);
			defaultConfigurationIsVisible = 0;
			defaultConfigurationName = Release;
		};
/* End XCConfigurationList section */
	};
	rootObject = 731E3A8824A1A07C0031418E /* Project object */;
}
